
Microsoft Visual Studio Solution File, Format Version 12.00
# Visual Studio Version 17
VisualStudioVersion = 17.9.34723.18
MinimumVisualStudioVersion = 10.0.40219.1
Project("{FAE04EC0-301F-11D3-BF4B-00C04F79EFBC}") = "MainCode_Group1", "MainCode_Group1\MainCode_Group1.csproj", "{752044A4-D2FC-437B-AA23-559419880D64}"
EndProject
Global
	GlobalSection(SolutionConfigurationPlatforms) = preSolution
		Debug|Any CPU = Debug|Any CPU
		Debug|x64 = Debug|x64
		Release|Any CPU = Release|Any CPU
		Release|x64 = Release|x64
	EndGlobalSection
	GlobalSection(ProjectConfigurationPlatforms) = postSolution
		{752044A4-D2FC-437B-AA23-559419880D64}.Debug|Any CPU.ActiveCfg = Debug|Any CPU
		{752044A4-D2FC-437B-AA23-559419880D64}.Debug|Any CPU.Build.0 = Debug|Any CPU
		{752044A4-D2FC-437B-AA23-559419880D64}.Debug|x64.ActiveCfg = Debug|x64
		{752044A4-D2FC-437B-AA23-559419880D64}.Debug|x64.Build.0 = Debug|x64
		{752044A4-D2FC-437B-AA23-559419880D64}.Release|Any CPU.ActiveCfg = Release|Any CPU
		{752044A4-D2FC-437B-AA23-559419880D64}.Release|Any CPU.Build.0 = Release|Any CPU
		{752044A4-D2FC-437B-AA23-559419880D64}.Release|x64.ActiveCfg = Release|x64
		{752044A4-D2FC-437B-AA23-559419880D64}.Release|x64.Build.0 = Release|x64
	EndGlobalSection
	GlobalSection(SolutionProperties) = preSolution
		HideSolutionNode = FALSE
	EndGlobalSection
	GlobalSection(ExtensibilityGlobals) = postSolution
		SolutionGuid = {B814BE58-7023-43A6-94FD-000D96FC2860}
	EndGlobalSection
EndGlobal
